
Microsoft Visual Studio Solution File, Format Version 12.00
Project("{FAE04EC0-301F-11D3-BF4B-00C04F79EFBC}") = "delinea-secretserver-pam", "delinea-secretserver-pam\delinea-secretserver-pam.csproj", "{6DEC0EF0-9D07-44CF-868C-82764C83D285}"
EndProject
Project("{FAE04EC0-301F-11D3-BF4B-00C04F79EFBC}") = "TestConsole", "TestConsole\TestConsole.csproj", "{90C4CEE8-44EE-4488-B464-4063432051D8}"
EndProject
Global
	GlobalSection(SolutionConfigurationPlatforms) = preSolution
		Debug|Any CPU = Debug|Any CPU
		Release|Any CPU = Release|Any CPU
	EndGlobalSection
	GlobalSection(ProjectConfigurationPlatforms) = postSolution
		{6DEC0EF0-9D07-44CF-868C-82764C83D285}.Debug|Any CPU.ActiveCfg = Debug|Any CPU
		{6DEC0EF0-9D07-44CF-868C-82764C83D285}.Debug|Any CPU.Build.0 = Debug|Any CPU
		{6DEC0EF0-9D07-44CF-868C-82764C83D285}.Release|Any CPU.ActiveCfg = Release|Any CPU
		{6DEC0EF0-9D07-44CF-868C-82764C83D285}.Release|Any CPU.Build.0 = Release|Any CPU
		{6DEC0EF0-9D07-44CF-868C-82764C83D285}.Debug|Any CPU.Deploy.0 = Debug|Any CPU
		{90C4CEE8-44EE-4488-B464-4063432051D8}.Debug|Any CPU.ActiveCfg = Debug|Any CPU
		{90C4CEE8-44EE-4488-B464-4063432051D8}.Debug|Any CPU.Build.0 = Debug|Any CPU
		{90C4CEE8-44EE-4488-B464-4063432051D8}.Release|Any CPU.ActiveCfg = Release|Any CPU
		{90C4CEE8-44EE-4488-B464-4063432051D8}.Release|Any CPU.Build.0 = Release|Any CPU
	EndGlobalSection
EndGlobal
